
Microsoft Visual Studio Solution File, Format Version 12.00
# Visual Studio Version 17
VisualStudioVersion = 17.0.31903.59
MinimumVisualStudioVersion = 10.0.40219.1
Project("{FAE04EC0-301F-11D3-BF4B-00C04F79EFBC}") = "AuraTxt.Core", "AuraTxt.Core\AuraTxt.Core.csproj", "{16112307-5F6C-4029-B710-121014ABD1FD}"
EndProject
Project("{FAE04EC0-301F-11D3-BF4B-00C04F79EFBC}") = "AuraTxt.Core.Tests", "AuraTxt.Core.Tests\AuraTxt.Core.Tests.csproj", "{981F0664-2C81-4813-A04B-30CA1755F9EB}"
EndProject
Global
	GlobalSection(SolutionConfigurationPlatforms) = preSolution
		Debug|Any CPU = Debug|Any CPU
		Debug|x64 = Debug|x64
		Debug|x86 = Debug|x86
		Release|Any CPU = Release|Any CPU
		Release|x64 = Release|x64
		Release|x86 = Release|x86
	EndGlobalSection
	GlobalSection(ProjectConfigurationPlatforms) = postSolution
		{16112307-5F6C-4029-B710-121014ABD1FD}.Debug|Any CPU.ActiveCfg = Debug|Any CPU
		{16112307-5F6C-4029-B710-121014ABD1FD}.Debug|Any CPU.Build.0 = Debug|Any CPU
		{16112307-5F6C-4029-B710-121014ABD1FD}.Debug|x64.ActiveCfg = Debug|Any CPU
		{16112307-5F6C-4029-B710-121014ABD1FD}.Debug|x64.Build.0 = Debug|Any CPU
		{16112307-5F6C-4029-B710-121014ABD1FD}.Debug|x86.ActiveCfg = Debug|Any CPU
		{16112307-5F6C-4029-B710-121014ABD1FD}.Debug|x86.Build.0 = Debug|Any CPU
		{16112307-5F6C-4029-B710-121014ABD1FD}.Release|Any CPU.ActiveCfg = Release|Any CPU
		{16112307-5F6C-4029-B710-121014ABD1FD}.Release|Any CPU.Build.0 = Release|Any CPU
		{16112307-5F6C-4029-B710-121014ABD1FD}.Release|x64.ActiveCfg = Release|Any CPU
		{16112307-5F6C-4029-B710-121014ABD1FD}.Release|x64.Build.0 = Release|Any CPU
		{16112307-5F6C-4029-B710-121014ABD1FD}.Release|x86.ActiveCfg = Release|Any CPU
		{16112307-5F6C-4029-B710-121014ABD1FD}.Release|x86.Build.0 = Release|Any CPU
		{981F0664-2C81-4813-A04B-30CA1755F9EB}.Debug|Any CPU.ActiveCfg = Debug|Any CPU
		{981F0664-2C81-4813-A04B-30CA1755F9EB}.Debug|Any CPU.Build.0 = Debug|Any CPU
		{981F0664-2C81-4813-A04B-30CA1755F9EB}.Debug|x64.ActiveCfg = Debug|Any CPU
		{981F0664-2C81-4813-A04B-30CA1755F9EB}.Debug|x64.Build.0 = Debug|Any CPU
		{981F0664-2C81-4813-A04B-30CA1755F9EB}.Debug|x86.ActiveCfg = Debug|Any CPU
		{981F0664-2C81-4813-A04B-30CA1755F9EB}.Debug|x86.Build.0 = Debug|Any CPU
		{981F0664-2C81-4813-A04B-30CA1755F9EB}.Release|Any CPU.ActiveCfg = Release|Any CPU
		{981F0664-2C81-4813-A04B-30CA1755F9EB}.Release|Any CPU.Build.0 = Release|Any CPU
		{981F0664-2C81-4813-A04B-30CA1755F9EB}.Release|x64.ActiveCfg = Release|Any CPU
		{981F0664-2C81-4813-A04B-30CA1755F9EB}.Release|x64.Build.0 = Release|Any CPU
		{981F0664-2C81-4813-A04B-30CA1755F9EB}.Release|x86.ActiveCfg = Release|Any CPU
		{981F0664-2C81-4813-A04B-30CA1755F9EB}.Release|x86.Build.0 = Release|Any CPU
	EndGlobalSection
	GlobalSection(SolutionProperties) = preSolution
		HideSolutionNode = FALSE
	EndGlobalSection
EndGlobal
